{
  "version": 4,
  "terraform_version": "0.12.28",
  "serial": 63,
  "lineage": "c923baec-315a-a2ee-fc7a-5b4248d85183",
  "outputs": {
    "Lambda_security_group": {
      "value": "sg-038940ad8bc5ae671",
      "type": "string"
    },
    "Public_Subnet": {
      "value": "subnet-060fddc1acc3a696a",
      "type": "string"
    },
    "VPC": {
      "value": "vpc-0f34b4c83dd899ff4",
      "type": "string"
    }
  },
  "resources": [
    {
      "mode": "managed",
      "type": "aws_cloudwatch_event_rule",
      "name": "scheduler_scheduler",
      "provider": "provider.aws",
      "instances": [
        {
          "schema_version": 0,
          "attributes": {
            "arn": "arn:aws:events:us-east-1:612185335394:rule/run_cron_tasks_on_ecs",
            "description": "Rule to trigger runs on ecs",
            "event_pattern": null,
            "id": "run_cron_tasks_on_ecs",
            "is_enabled": true,
            "name": "run_cron_tasks_on_ecs",
            "name_prefix": null,
            "role_arn": "",
            "schedule_expression": "cron(0 12-22 ? * MON-FRI *)",
            "tags": {}
          },
          "private": "bnVsbA=="
        }
      ]
    },
    {
      "mode": "managed",
      "type": "aws_cloudwatch_event_target",
      "name": "ecs_scheduled_task",
      "provider": "provider.aws",
      "instances": [
        {
          "schema_version": 0,
          "attributes": {
            "arn": "arn:aws:ecs:us-east-1:612185335394:cluster/scheduler_cluster",
            "batch_target": [],
            "ecs_target": [
              {
                "group": "",
                "launch_type": "FARGATE",
                "network_configuration": [
                  {
                    "assign_public_ip": true,
                    "security_groups": [
                      "scheduler allow_https"
                    ],
                    "subnets": [
                      "subnet-060fddc1acc3a696a"
                    ]
                  }
                ],
                "platform_version": "",
                "task_count": 1,
                "task_definition_arn": "arn:aws:ecs:us-east-1:612185335394:task-definition/scheduler_cron:4"
              }
            ],
            "id": "run_cron_tasks_on_ecs-run-scheduled-scheduler-task",
            "input": "",
            "input_path": "",
            "input_transformer": [],
            "kinesis_target": [],
            "role_arn": "arn:aws:iam::612185335394:role/service-role/AWS_Events_Invoke_ECS",
            "rule": "run_cron_tasks_on_ecs",
            "run_command_targets": [],
            "sqs_target": [],
            "target_id": "run-scheduled-scheduler-task"
          },
          "private": "bnVsbA==",
          "dependencies": [
            "aws_cloudwatch_event_rule.scheduler_scheduler",
            "aws_ecs_cluster.scheduler_cluster",
            "aws_ecs_task_definition.cron_task",
            "aws_security_group.allow_anything_for_lambda",
            "aws_subnet.public_subnet"
          ]
        }
      ]
    },
    {
      "mode": "managed",
      "type": "aws_db_subnet_group",
      "name": "private_subnets",
      "provider": "provider.aws",
      "instances": [
        {
          "schema_version": 0,
          "attributes": {
            "arn": "arn:aws:rds:us-east-1:612185335394:subgrp:scheduler_subnet_group",
            "description": "Managed by Terraform",
            "id": "scheduler_subnet_group",
            "name": "scheduler_subnet_group",
            "name_prefix": null,
            "subnet_ids": [
              "subnet-025cd5f0b01720f31",
              "subnet-0780718565f848ab8"
            ],
            "tags": {
              "Name": "Scheduler DB subnet group"
            }
          },
          "private": "bnVsbA==",
          "dependencies": [
            "aws_subnet.private_subnet",
            "aws_subnet.private_subnet_two",
            "aws_vpc.scheduler_vpc"
          ]
        }
      ]
    },
    {
      "mode": "managed",
      "type": "aws_ecs_cluster",
      "name": "scheduler_cluster",
      "provider": "provider.aws",
      "instances": [
        {
          "schema_version": 0,
          "attributes": {
            "arn": "arn:aws:ecs:us-east-1:612185335394:cluster/scheduler_cluster",
            "capacity_providers": [
              "FARGATE"
            ],
            "default_capacity_provider_strategy": [],
            "id": "arn:aws:ecs:us-east-1:612185335394:cluster/scheduler_cluster",
            "name": "scheduler_cluster",
            "setting": [
              {
                "name": "containerInsights",
                "value": "disabled"
              }
            ],
            "tags": {}
          },
          "private": "bnVsbA=="
        }
      ]
    },
    {
      "mode": "managed",
      "type": "aws_ecs_task_definition",
      "name": "cron_task",
      "provider": "provider.aws",
      "instances": [
        {
          "schema_version": 1,
          "attributes": {
            "arn": "arn:aws:ecs:us-east-1:612185335394:task-definition/scheduler_cron:4",
            "container_definitions": "[{\"cpu\":0,\"environment\":[],\"essential\":true,\"image\":\"612185335394.dkr.ecr.us-east-1.amazonaws.com/reminders_scheduler:latest\",\"logConfiguration\":{\"logDriver\":\"awslogs\",\"options\":{\"awslogs-group\":\"/ecs/scheduler_cron\",\"awslogs-region\":\"us-east-1\",\"awslogs-stream-prefix\":\"ecs/scheduler_cron_job\"}},\"memory\":1024,\"mountPoints\":[],\"name\":\"scheduler_cron_job\",\"portMappings\":[],\"volumesFrom\":[]}]",
            "cpu": "512",
            "execution_role_arn": "arn:aws:iam::612185335394:role/ecs_scheduler_execution_role",
            "family": "scheduler_cron",
            "id": "scheduler_cron",
            "inference_accelerator": [],
            "ipc_mode": "",
            "memory": "1024",
            "network_mode": "awsvpc",
            "pid_mode": "",
            "placement_constraints": [],
            "proxy_configuration": [],
            "requires_compatibilities": [
              "FARGATE"
            ],
            "revision": 4,
            "tags": {},
            "task_role_arn": "arn:aws:iam::612185335394:role/ecs_scheduler_task_role",
            "volume": []
          },
          "private": "eyJzY2hlbWFfdmVyc2lvbiI6IjEifQ=="
        }
      ]
    },
    {
      "mode": "managed",
      "type": "aws_internet_gateway",
      "name": "scheduler_vpc_gateway",
      "provider": "provider.aws",
      "instances": [
        {
          "schema_version": 0,
          "attributes": {
            "arn": "arn:aws:ec2:us-east-1:612185335394:internet-gateway/igw-0f4de99d767633edb",
            "id": "igw-0f4de99d767633edb",
            "owner_id": "612185335394",
            "tags": {
              "Application": "Scheduler",
              "Deployed_by": "Terraform",
              "Name": "Scheduler VPC IG"
            },
            "vpc_id": "vpc-0f34b4c83dd899ff4"
          },
          "private": "bnVsbA==",
          "dependencies": [
            "aws_vpc.scheduler_vpc"
          ]
        }
      ]
    },
    {
      "mode": "managed",
      "type": "aws_route_table",
      "name": "route_table",
      "provider": "provider.aws",
      "instances": [
        {
          "schema_version": 0,
          "attributes": {
            "id": "rtb-0a5816704b3df40d5",
            "owner_id": "612185335394",
            "propagating_vgws": [],
            "route": [
              {
                "cidr_block": "0.0.0.0/0",
                "egress_only_gateway_id": "",
                "gateway_id": "igw-0f4de99d767633edb",
                "instance_id": "",
                "ipv6_cidr_block": "",
                "nat_gateway_id": "",
                "network_interface_id": "",
                "transit_gateway_id": "",
                "vpc_peering_connection_id": ""
              }
            ],
            "tags": {
              "Name": "Scheduler route table"
            },
            "vpc_id": "vpc-0f34b4c83dd899ff4"
          },
          "private": "bnVsbA==",
          "dependencies": [
            "aws_internet_gateway.scheduler_vpc_gateway",
            "aws_vpc.scheduler_vpc"
          ]
        }
      ]
    },
    {
      "mode": "managed",
      "type": "aws_route_table_association",
      "name": "a",
      "provider": "provider.aws",
      "instances": [
        {
          "schema_version": 0,
          "attributes": {
            "gateway_id": null,
            "id": "rtbassoc-071657919d37c4b10",
            "route_table_id": "rtb-0a5816704b3df40d5",
            "subnet_id": "subnet-060fddc1acc3a696a"
          },
          "private": "bnVsbA==",
          "dependencies": [
            "aws_route_table.route_table",
            "aws_subnet.public_subnet"
          ]
        }
      ]
    },
    {
      "mode": "managed",
      "type": "aws_security_group",
      "name": "allow_anything_for_lambda",
      "provider": "provider.aws",
      "instances": [
        {
          "schema_version": 1,
          "attributes": {
            "arn": "arn:aws:ec2:us-east-1:612185335394:security-group/sg-038940ad8bc5ae671",
            "description": "Allow https inbound traffic",
            "egress": [
              {
                "cidr_blocks": [
                  "0.0.0.0/0"
                ],
                "description": "",
                "from_port": 0,
                "ipv6_cidr_blocks": [],
                "prefix_list_ids": [],
                "protocol": "-1",
                "security_groups": [],
                "self": false,
                "to_port": 0
              }
            ],
            "id": "sg-038940ad8bc5ae671",
            "ingress": [
              {
                "cidr_blocks": [
                  "0.0.0.0/0"
                ],
                "description": "Anything into VPC",
                "from_port": 0,
                "ipv6_cidr_blocks": [],
                "prefix_list_ids": [],
                "protocol": "-1",
                "security_groups": [],
                "self": false,
                "to_port": 0
              }
            ],
            "name": "scheduler allow_https",
            "name_prefix": null,
            "owner_id": "612185335394",
            "revoke_rules_on_delete": false,
            "tags": {
              "Application": "Scheduler",
              "Deployed_by": "Terraform",
              "Name": "scheduler allow_https",
              "Used_by": "lambda function that talks to db"
            },
            "timeouts": null,
            "vpc_id": "vpc-0f34b4c83dd899ff4"
          },
          "private": "eyJlMmJmYjczMC1lY2FhLTExZTYtOGY4OC0zNDM2M2JjN2M0YzAiOnsiY3JlYXRlIjo2MDAwMDAwMDAwMDAsImRlbGV0ZSI6NjAwMDAwMDAwMDAwfSwic2NoZW1hX3ZlcnNpb24iOiIxIn0=",
          "dependencies": [
            "aws_vpc.scheduler_vpc"
          ]
        }
      ]
    },
    {
      "mode": "managed",
      "type": "aws_security_group",
      "name": "scheduler_db_group",
      "provider": "provider.aws",
      "instances": [
        {
          "schema_version": 1,
          "attributes": {
            "arn": "arn:aws:ec2:us-east-1:612185335394:security-group/sg-0578fc88ea7d80b44",
            "description": "Allow tcp traffic from SG allow_anything_for_lambda",
            "egress": [
              {
                "cidr_blocks": [
                  "0.0.0.0/0"
                ],
                "description": "",
                "from_port": 0,
                "ipv6_cidr_blocks": [],
                "prefix_list_ids": [],
                "protocol": "-1",
                "security_groups": [],
                "self": false,
                "to_port": 0
              }
            ],
            "id": "sg-0578fc88ea7d80b44",
            "ingress": [
              {
                "cidr_blocks": [
                  "0.0.0.0/0"
                ],
                "description": "allow DB traffic from lambda",
                "from_port": 5432,
                "ipv6_cidr_blocks": [],
                "prefix_list_ids": [],
                "protocol": "tcp",
                "security_groups": [
                  "sg-038940ad8bc5ae671"
                ],
                "self": false,
                "to_port": 5432
              }
            ],
            "name": "scheduler db group",
            "name_prefix": null,
            "owner_id": "612185335394",
            "revoke_rules_on_delete": false,
            "tags": {
              "Application": "Scheduler",
              "Deployed_by": "Terraform",
              "Name": "scheduler_db_group",
              "Used_by": "Scheduler database"
            },
            "timeouts": null,
            "vpc_id": "vpc-0f34b4c83dd899ff4"
          },
          "private": "eyJlMmJmYjczMC1lY2FhLTExZTYtOGY4OC0zNDM2M2JjN2M0YzAiOnsiY3JlYXRlIjo2MDAwMDAwMDAwMDAsImRlbGV0ZSI6NjAwMDAwMDAwMDAwfSwic2NoZW1hX3ZlcnNpb24iOiIxIn0=",
          "dependencies": [
            "aws_security_group.allow_anything_for_lambda",
            "aws_vpc.scheduler_vpc"
          ]
        }
      ]
    },
    {
      "mode": "managed",
      "type": "aws_subnet",
      "name": "private_subnet",
      "provider": "provider.aws",
      "instances": [
        {
          "schema_version": 1,
          "attributes": {
            "arn": "arn:aws:ec2:us-east-1:612185335394:subnet/subnet-0780718565f848ab8",
            "assign_ipv6_address_on_creation": false,
            "availability_zone": "us-east-1a",
            "availability_zone_id": "use1-az2",
            "cidr_block": "10.0.2.0/24",
            "id": "subnet-0780718565f848ab8",
            "ipv6_cidr_block": "",
            "ipv6_cidr_block_association_id": "",
            "map_public_ip_on_launch": false,
            "outpost_arn": "",
            "owner_id": "612185335394",
            "tags": {
              "Application": "Scheduler",
              "Deployed_by": "Terraform",
              "Name": "Private subnet"
            },
            "timeouts": null,
            "vpc_id": "vpc-0f34b4c83dd899ff4"
          },
          "private": "eyJlMmJmYjczMC1lY2FhLTExZTYtOGY4OC0zNDM2M2JjN2M0YzAiOnsiY3JlYXRlIjo2MDAwMDAwMDAwMDAsImRlbGV0ZSI6MTIwMDAwMDAwMDAwMH0sInNjaGVtYV92ZXJzaW9uIjoiMSJ9",
          "dependencies": [
            "aws_vpc.scheduler_vpc"
          ]
        }
      ]
    },
    {
      "mode": "managed",
      "type": "aws_subnet",
      "name": "private_subnet_two",
      "provider": "provider.aws",
      "instances": [
        {
          "schema_version": 1,
          "attributes": {
            "arn": "arn:aws:ec2:us-east-1:612185335394:subnet/subnet-025cd5f0b01720f31",
            "assign_ipv6_address_on_creation": false,
            "availability_zone": "us-east-1b",
            "availability_zone_id": "use1-az4",
            "cidr_block": "10.0.3.0/24",
            "id": "subnet-025cd5f0b01720f31",
            "ipv6_cidr_block": "",
            "ipv6_cidr_block_association_id": "",
            "map_public_ip_on_launch": false,
            "outpost_arn": "",
            "owner_id": "612185335394",
            "tags": {
              "Application": "Scheduler",
              "Deployed_by": "Terraform",
              "Name": "Second Private subnet"
            },
            "timeouts": null,
            "vpc_id": "vpc-0f34b4c83dd899ff4"
          },
          "private": "eyJlMmJmYjczMC1lY2FhLTExZTYtOGY4OC0zNDM2M2JjN2M0YzAiOnsiY3JlYXRlIjo2MDAwMDAwMDAwMDAsImRlbGV0ZSI6MTIwMDAwMDAwMDAwMH0sInNjaGVtYV92ZXJzaW9uIjoiMSJ9",
          "dependencies": [
            "aws_vpc.scheduler_vpc"
          ]
        }
      ]
    },
    {
      "mode": "managed",
      "type": "aws_subnet",
      "name": "public_subnet",
      "provider": "provider.aws",
      "instances": [
        {
          "schema_version": 1,
          "attributes": {
            "arn": "arn:aws:ec2:us-east-1:612185335394:subnet/subnet-060fddc1acc3a696a",
            "assign_ipv6_address_on_creation": false,
            "availability_zone": "us-east-1a",
            "availability_zone_id": "use1-az2",
            "cidr_block": "10.0.1.0/24",
            "id": "subnet-060fddc1acc3a696a",
            "ipv6_cidr_block": "",
            "ipv6_cidr_block_association_id": "",
            "map_public_ip_on_launch": true,
            "outpost_arn": "",
            "owner_id": "612185335394",
            "tags": {
              "Application": "Scheduler",
              "Deployed_by": "Terraform",
              "Name": "Public subnet"
            },
            "timeouts": null,
            "vpc_id": "vpc-0f34b4c83dd899ff4"
          },
          "private": "eyJlMmJmYjczMC1lY2FhLTExZTYtOGY4OC0zNDM2M2JjN2M0YzAiOnsiY3JlYXRlIjo2MDAwMDAwMDAwMDAsImRlbGV0ZSI6MTIwMDAwMDAwMDAwMH0sInNjaGVtYV92ZXJzaW9uIjoiMSJ9",
          "dependencies": [
            "aws_vpc.scheduler_vpc"
          ]
        }
      ]
    },
    {
      "mode": "managed",
      "type": "aws_vpc",
      "name": "scheduler_vpc",
      "provider": "provider.aws",
      "instances": [
        {
          "schema_version": 1,
          "attributes": {
            "arn": "arn:aws:ec2:us-east-1:612185335394:vpc/vpc-0f34b4c83dd899ff4",
            "assign_generated_ipv6_cidr_block": false,
            "cidr_block": "10.0.0.0/16",
            "default_network_acl_id": "acl-0addc7db98a3155f3",
            "default_route_table_id": "rtb-0a8798e98d9b32785",
            "default_security_group_id": "sg-0713607fe5486765c",
            "dhcp_options_id": "dopt-de2a27a5",
            "enable_classiclink": false,
            "enable_classiclink_dns_support": false,
            "enable_dns_hostnames": false,
            "enable_dns_support": true,
            "id": "vpc-0f34b4c83dd899ff4",
            "instance_tenancy": "default",
            "ipv6_association_id": "",
            "ipv6_cidr_block": "",
            "main_route_table_id": "rtb-0a8798e98d9b32785",
            "owner_id": "612185335394",
            "tags": {
              "Application": "Scheduler",
              "Deployed_by": "Terraform",
              "Name": "Scheduler VPC"
            }
          },
          "private": "eyJzY2hlbWFfdmVyc2lvbiI6IjEifQ=="
        }
      ]
    }
  ]
}
